
Microsoft Visual Studio Solution File, Format Version 12.00
# Visual Studio 15
VisualStudioVersion = 15.0.26730.8
MinimumVisualStudioVersion = 10.0.40219.1
Project("{FAE04EC0-301F-11D3-BF4B-00C04F79EFBC}") = "EverNetExtensions", "EverNetExtensions\EverNetExtensions.csproj", "{5B5B434A-D568-4D3F-9889-3B5AABB69FDB}"
EndProject
Project("{FAE04EC0-301F-11D3-BF4B-00C04F79EFBC}") = "EverNetExtensionTests", "EverNetTests\EverNetExtensionTests.csproj", "{4D69608B-9ED5-432E-A49A-74919D2D7EF5}"
EndProject
Global
	GlobalSection(SolutionConfigurationPlatforms) = preSolution
		Debug|Any CPU = Debug|Any CPU
		Debug|x64 = Debug|x64
		Debug|x86 = Debug|x86
		Release|Any CPU = Release|Any CPU
		Release|x64 = Release|x64
		Release|x86 = Release|x86
	EndGlobalSection
	GlobalSection(ProjectConfigurationPlatforms) = postSolution
		{5B5B434A-D568-4D3F-9889-3B5AABB69FDB}.Debug|Any CPU.ActiveCfg = Debug|Any CPU
		{5B5B434A-D568-4D3F-9889-3B5AABB69FDB}.Debug|Any CPU.Build.0 = Debug|Any CPU
		{5B5B434A-D568-4D3F-9889-3B5AABB69FDB}.Debug|x64.ActiveCfg = Debug|Any CPU
		{5B5B434A-D568-4D3F-9889-3B5AABB69FDB}.Debug|x64.Build.0 = Debug|Any CPU
		{5B5B434A-D568-4D3F-9889-3B5AABB69FDB}.Debug|x86.ActiveCfg = Debug|Any CPU
		{5B5B434A-D568-4D3F-9889-3B5AABB69FDB}.Debug|x86.Build.0 = Debug|Any CPU
		{5B5B434A-D568-4D3F-9889-3B5AABB69FDB}.Release|Any CPU.ActiveCfg = Release|Any CPU
		{5B5B434A-D568-4D3F-9889-3B5AABB69FDB}.Release|Any CPU.Build.0 = Release|Any CPU
		{5B5B434A-D568-4D3F-9889-3B5AABB69FDB}.Release|x64.ActiveCfg = Release|Any CPU
		{5B5B434A-D568-4D3F-9889-3B5AABB69FDB}.Release|x64.Build.0 = Release|Any CPU
		{5B5B434A-D568-4D3F-9889-3B5AABB69FDB}.Release|x86.ActiveCfg = Release|Any CPU
		{5B5B434A-D568-4D3F-9889-3B5AABB69FDB}.Release|x86.Build.0 = Release|Any CPU
		{4D69608B-9ED5-432E-A49A-74919D2D7EF5}.Debug|Any CPU.ActiveCfg = Debug|Any CPU
		{4D69608B-9ED5-432E-A49A-74919D2D7EF5}.Debug|Any CPU.Build.0 = Debug|Any CPU
		{4D69608B-9ED5-432E-A49A-74919D2D7EF5}.Debug|x64.ActiveCfg = Debug|Any CPU
		{4D69608B-9ED5-432E-A49A-74919D2D7EF5}.Debug|x64.Build.0 = Debug|Any CPU
		{4D69608B-9ED5-432E-A49A-74919D2D7EF5}.Debug|x86.ActiveCfg = Debug|Any CPU
		{4D69608B-9ED5-432E-A49A-74919D2D7EF5}.Debug|x86.Build.0 = Debug|Any CPU
		{4D69608B-9ED5-432E-A49A-74919D2D7EF5}.Release|Any CPU.ActiveCfg = Release|Any CPU
		{4D69608B-9ED5-432E-A49A-74919D2D7EF5}.Release|Any CPU.Build.0 = Release|Any CPU
		{4D69608B-9ED5-432E-A49A-74919D2D7EF5}.Release|x64.ActiveCfg = Release|Any CPU
		{4D69608B-9ED5-432E-A49A-74919D2D7EF5}.Release|x64.Build.0 = Release|Any CPU
		{4D69608B-9ED5-432E-A49A-74919D2D7EF5}.Release|x86.ActiveCfg = Release|Any CPU
		{4D69608B-9ED5-432E-A49A-74919D2D7EF5}.Release|x86.Build.0 = Release|Any CPU
	EndGlobalSection
	GlobalSection(SolutionProperties) = preSolution
		HideSolutionNode = FALSE
	EndGlobalSection
	GlobalSection(ExtensibilityGlobals) = postSolution
		SolutionGuid = {40DAA3CA-6DC3-4A2B-B3C0-0C34AF6760F4}
	EndGlobalSection
EndGlobal
